{
  "version": 4,
  "terraform_version": "1.9.8",
  "serial": 1,
  "lineage": "cd45c94d-eaf2-5e29-ca6e-fbf8fe679a32",
  "outputs": {
    "resource_group_name": {
      "value": "createdbyterraform",
      "type": "string"
    }
  },
  "resources": [
    {
      "mode": "managed",
      "type": "azurerm_resource_group",
      "name": "rg",
      "provider": "provider[\"registry.terraform.io/hashicorp/azurerm\"]",
      "instances": [
        {
          "schema_version": 0,
          "attributes": {
            "id": "/subscriptions/c7643f84-b30f-4d99-a8c3-8aab4a70a942/resourceGroups/createdbyterraform",
            "location": "northeurope",
            "managed_by": "",
            "name": "createdbyterraform",
            "tags": null,
            "timeouts": null
          },
          "sensitive_attributes": [],
          "private": "eyJlMmJmYjczMC1lY2FhLTExZTYtOGY4OC0zNDM2M2JjN2M0YzAiOnsiY3JlYXRlIjo1NDAwMDAwMDAwMDAwLCJkZWxldGUiOjU0MDAwMDAwMDAwMDAsInJlYWQiOjMwMDAwMDAwMDAwMCwidXBkYXRlIjo1NDAwMDAwMDAwMDAwfX0="
        }
      ]
    }
  ],
  "check_results": null
}
